
Microsoft Visual Studio Solution File, Format Version 12.00
# Visual Studio 14
VisualStudioVersion = 14.0.24720.0
MinimumVisualStudioVersion = 10.0.40219.1
Project("{FAE04EC0-301F-11D3-BF4B-00C04F79EFBC}") = "library", "library\library.csproj", "{6F8BBE5C-259D-4708-AA46-C8E444B9E523}"
EndProject
Project("{FAE04EC0-301F-11D3-BF4B-00C04F79EFBC}") = "console", "console\console.csproj", "{DEA56DA2-F9E0-4A80-BD2C-53E5E445E13F}"
EndProject
Global
	GlobalSection(SolutionConfigurationPlatforms) = preSolution
		Debug|Any CPU = Debug|Any CPU
		Release|Any CPU = Release|Any CPU
	EndGlobalSection
	GlobalSection(ProjectConfigurationPlatforms) = postSolution
		{6F8BBE5C-259D-4708-AA46-C8E444B9E523}.Debug|Any CPU.ActiveCfg = Debug|Any CPU
		{6F8BBE5C-259D-4708-AA46-C8E444B9E523}.Debug|Any CPU.Build.0 = Debug|Any CPU
		{6F8BBE5C-259D-4708-AA46-C8E444B9E523}.Release|Any CPU.ActiveCfg = Release|Any CPU
		{6F8BBE5C-259D-4708-AA46-C8E444B9E523}.Release|Any CPU.Build.0 = Release|Any CPU
		{DEA56DA2-F9E0-4A80-BD2C-53E5E445E13F}.Debug|Any CPU.ActiveCfg = Debug|Any CPU
		{DEA56DA2-F9E0-4A80-BD2C-53E5E445E13F}.Debug|Any CPU.Build.0 = Debug|Any CPU
		{DEA56DA2-F9E0-4A80-BD2C-53E5E445E13F}.Release|Any CPU.ActiveCfg = Release|Any CPU
		{DEA56DA2-F9E0-4A80-BD2C-53E5E445E13F}.Release|Any CPU.Build.0 = Release|Any CPU
	EndGlobalSection
	GlobalSection(SolutionProperties) = preSolution
		HideSolutionNode = FALSE
	EndGlobalSection
EndGlobal
